
Microsoft Visual Studio Solution File, Format Version 12.00
# Visual Studio 15
VisualStudioVersion = 15.0.26430.15
MinimumVisualStudioVersion = 10.0.40219.1
Project("{2150E333-8FDC-42A3-9474-1A3956D46DE8}") = "Solution Items", "Solution Items", "{8E0926EA-6EC7-4757-9A9D-5A9E8558295B}"
EndProject
Project("{9A19103F-16F7-4668-BE54-9A1E7A4F7556}") = "NTumbleBit", "NTumbleBit\NTumbleBit.csproj", "{A2355F14-C404-46A4-B070-E6EC18800AA0}"
EndProject
Project("{9A19103F-16F7-4668-BE54-9A1E7A4F7556}") = "NTumbleBit.ClassicTumbler.Client.CLI", "NTumbleBit.ClassicTumbler.Client.CLI\NTumbleBit.ClassicTumbler.Client.CLI.csproj", "{A83E2C39-E636-449D-9982-629808E12A66}"
EndProject
Project("{9A19103F-16F7-4668-BE54-9A1E7A4F7556}") = "NTumbleBit.Tests", "NTumbleBit.Tests\NTumbleBit.Tests.csproj", "{EB9354FF-C608-497A-9C8B-F7633252DF73}"
EndProject
Project("{9A19103F-16F7-4668-BE54-9A1E7A4F7556}") = "NTumbleBit.ClassicTumbler.Server.CLI", "NTumbleBit.ClassicTumbler.Server.CLI\NTumbleBit.ClassicTumbler.Server.CLI.csproj", "{C22A679F-BE97-4789-A2BE-17F6AF4A17AD}"
EndProject
Global
	GlobalSection(SolutionConfigurationPlatforms) = preSolution
		Debug|Any CPU = Debug|Any CPU
		Release|Any CPU = Release|Any CPU
	EndGlobalSection
	GlobalSection(ProjectConfigurationPlatforms) = postSolution
		{A2355F14-C404-46A4-B070-E6EC18800AA0}.Debug|Any CPU.ActiveCfg = Debug|Any CPU
		{A2355F14-C404-46A4-B070-E6EC18800AA0}.Debug|Any CPU.Build.0 = Debug|Any CPU
		{A2355F14-C404-46A4-B070-E6EC18800AA0}.Release|Any CPU.ActiveCfg = Release|Any CPU
		{A2355F14-C404-46A4-B070-E6EC18800AA0}.Release|Any CPU.Build.0 = Release|Any CPU
		{A83E2C39-E636-449D-9982-629808E12A66}.Debug|Any CPU.ActiveCfg = Debug|Any CPU
		{A83E2C39-E636-449D-9982-629808E12A66}.Debug|Any CPU.Build.0 = Debug|Any CPU
		{A83E2C39-E636-449D-9982-629808E12A66}.Release|Any CPU.ActiveCfg = Release|Any CPU
		{A83E2C39-E636-449D-9982-629808E12A66}.Release|Any CPU.Build.0 = Release|Any CPU
		{EB9354FF-C608-497A-9C8B-F7633252DF73}.Debug|Any CPU.ActiveCfg = Debug|Any CPU
		{EB9354FF-C608-497A-9C8B-F7633252DF73}.Debug|Any CPU.Build.0 = Debug|Any CPU
		{EB9354FF-C608-497A-9C8B-F7633252DF73}.Release|Any CPU.ActiveCfg = Release|Any CPU
		{EB9354FF-C608-497A-9C8B-F7633252DF73}.Release|Any CPU.Build.0 = Release|Any CPU
		{C22A679F-BE97-4789-A2BE-17F6AF4A17AD}.Debug|Any CPU.ActiveCfg = Debug|Any CPU
		{C22A679F-BE97-4789-A2BE-17F6AF4A17AD}.Debug|Any CPU.Build.0 = Debug|Any CPU
		{C22A679F-BE97-4789-A2BE-17F6AF4A17AD}.Release|Any CPU.ActiveCfg = Release|Any CPU
		{C22A679F-BE97-4789-A2BE-17F6AF4A17AD}.Release|Any CPU.Build.0 = Release|Any CPU
	EndGlobalSection
	GlobalSection(SolutionProperties) = preSolution
		HideSolutionNode = FALSE
	EndGlobalSection
	GlobalSection(ExtensibilityGlobals) = postSolution
		SolutionGuid = {99130793-04E3-4466-ABF1-2F6D03891D59}
	EndGlobalSection
EndGlobal
