
Microsoft Visual Studio Solution File, Format Version 12.00
# Visual Studio 14
VisualStudioVersion = 14.0.25420.1
MinimumVisualStudioVersion = 10.0.40219.1
Project("{FAE04EC0-301F-11D3-BF4B-00C04F79EFBC}") = "NTumbleBit", "NTumbleBit\NTumbleBit.csproj", "{5077EBF6-D10E-4088-A740-065244B531FD}"
EndProject
Project("{FAE04EC0-301F-11D3-BF4B-00C04F79EFBC}") = "NTumbleBit.Tests", "NTumbleBit.Tests\NTumbleBit.Tests.csproj", "{C14BB8E3-98EA-4346-84E6-542FADAA8E16}"
EndProject
Global
	GlobalSection(SolutionConfigurationPlatforms) = preSolution
		Debug|Any CPU = Debug|Any CPU
		Release|Any CPU = Release|Any CPU
	EndGlobalSection
	GlobalSection(ProjectConfigurationPlatforms) = postSolution
		{5077EBF6-D10E-4088-A740-065244B531FD}.Debug|Any CPU.ActiveCfg = Debug|Any CPU
		{5077EBF6-D10E-4088-A740-065244B531FD}.Debug|Any CPU.Build.0 = Debug|Any CPU
		{5077EBF6-D10E-4088-A740-065244B531FD}.Release|Any CPU.ActiveCfg = Release|Any CPU
		{5077EBF6-D10E-4088-A740-065244B531FD}.Release|Any CPU.Build.0 = Release|Any CPU
		{C14BB8E3-98EA-4346-84E6-542FADAA8E16}.Debug|Any CPU.ActiveCfg = Debug|Any CPU
		{C14BB8E3-98EA-4346-84E6-542FADAA8E16}.Debug|Any CPU.Build.0 = Debug|Any CPU
		{C14BB8E3-98EA-4346-84E6-542FADAA8E16}.Release|Any CPU.ActiveCfg = Release|Any CPU
		{C14BB8E3-98EA-4346-84E6-542FADAA8E16}.Release|Any CPU.Build.0 = Release|Any CPU
	EndGlobalSection
	GlobalSection(SolutionProperties) = preSolution
		HideSolutionNode = FALSE
	EndGlobalSection
EndGlobal
