
Microsoft Visual Studio Solution File, Format Version 12.00
# Visual Studio 14
VisualStudioVersion = 14.0.25420.1
MinimumVisualStudioVersion = 10.0.40219.1
Project("{8BB2217D-0F2D-49D1-97BC-3654ED321F3B}") = "NTumbleBit", "NTumbleBit\NTumbleBit.xproj", "{094AECD5-E0D8-43A9-A0BD-39B01F51A1F2}"
EndProject
Project("{8BB2217D-0F2D-49D1-97BC-3654ED321F3B}") = "NTumbleBit.Tests", "NTumbleBit.Tests\NTumbleBit.Tests.xproj", "{800A5906-C050-4E75-9D7C-0CB1C404A0F8}"
	ProjectSection(ProjectDependencies) = postProject
		{094AECD5-E0D8-43A9-A0BD-39B01F51A1F2} = {094AECD5-E0D8-43A9-A0BD-39B01F51A1F2}
	EndProjectSection
EndProject
Project("{8BB2217D-0F2D-49D1-97BC-3654ED321F3B}") = "NTumbleBit.TumblerServer", "NTumbleBit.TumblerServer\NTumbleBit.TumblerServer.xproj", "{2C72C806-2B0C-45FE-87D8-380A1D5028AC}"
EndProject
Project("{8BB2217D-0F2D-49D1-97BC-3654ED321F3B}") = "NTumbleBit.Client", "NTumbleBit.Client\NTumbleBit.Client.xproj", "{AF7E0974-5948-4BF9-8C20-E74DB15C0FE6}"
EndProject
Project("{8BB2217D-0F2D-49D1-97BC-3654ED321F3B}") = "NTumbleBit.CLI", "NTumbleBit.CLI\NTumbleBit.CLI.xproj", "{9D3DDF92-1B04-49E1-B087-AE31780BA23B}"
EndProject
Project("{8BB2217D-0F2D-49D1-97BC-3654ED321F3B}") = "NTumbleBit.Common", "NTumbleBit.Common\NTumbleBit.Common.xproj", "{53E1D0F4-A0E3-4FC6-820A-B8F0E923A0D5}"
EndProject
Project("{9092AA53-FB77-4645-B42D-1CCCA6BD08BD}") = "NTumbleBit.UI", "NodejsConsoleApp1\NTumbleBit.UI.njsproj", "{2202C626-BB33-44AF-83D2-E16749AA859D}"
EndProject
Global
	GlobalSection(SolutionConfigurationPlatforms) = preSolution
		Debug|Any CPU = Debug|Any CPU
		Release|Any CPU = Release|Any CPU
	EndGlobalSection
	GlobalSection(ProjectConfigurationPlatforms) = postSolution
		{094AECD5-E0D8-43A9-A0BD-39B01F51A1F2}.Debug|Any CPU.ActiveCfg = Debug|Any CPU
		{094AECD5-E0D8-43A9-A0BD-39B01F51A1F2}.Debug|Any CPU.Build.0 = Debug|Any CPU
		{094AECD5-E0D8-43A9-A0BD-39B01F51A1F2}.Release|Any CPU.ActiveCfg = Release|Any CPU
		{094AECD5-E0D8-43A9-A0BD-39B01F51A1F2}.Release|Any CPU.Build.0 = Release|Any CPU
		{800A5906-C050-4E75-9D7C-0CB1C404A0F8}.Debug|Any CPU.ActiveCfg = Debug|Any CPU
		{800A5906-C050-4E75-9D7C-0CB1C404A0F8}.Debug|Any CPU.Build.0 = Debug|Any CPU
		{800A5906-C050-4E75-9D7C-0CB1C404A0F8}.Release|Any CPU.ActiveCfg = Release|Any CPU
		{800A5906-C050-4E75-9D7C-0CB1C404A0F8}.Release|Any CPU.Build.0 = Release|Any CPU
		{2C72C806-2B0C-45FE-87D8-380A1D5028AC}.Debug|Any CPU.ActiveCfg = Debug|Any CPU
		{2C72C806-2B0C-45FE-87D8-380A1D5028AC}.Debug|Any CPU.Build.0 = Debug|Any CPU
		{2C72C806-2B0C-45FE-87D8-380A1D5028AC}.Release|Any CPU.ActiveCfg = Release|Any CPU
		{2C72C806-2B0C-45FE-87D8-380A1D5028AC}.Release|Any CPU.Build.0 = Release|Any CPU
		{AF7E0974-5948-4BF9-8C20-E74DB15C0FE6}.Debug|Any CPU.ActiveCfg = Debug|Any CPU
		{AF7E0974-5948-4BF9-8C20-E74DB15C0FE6}.Debug|Any CPU.Build.0 = Debug|Any CPU
		{AF7E0974-5948-4BF9-8C20-E74DB15C0FE6}.Release|Any CPU.ActiveCfg = Release|Any CPU
		{AF7E0974-5948-4BF9-8C20-E74DB15C0FE6}.Release|Any CPU.Build.0 = Release|Any CPU
		{9D3DDF92-1B04-49E1-B087-AE31780BA23B}.Debug|Any CPU.ActiveCfg = Debug|Any CPU
		{9D3DDF92-1B04-49E1-B087-AE31780BA23B}.Debug|Any CPU.Build.0 = Debug|Any CPU
		{9D3DDF92-1B04-49E1-B087-AE31780BA23B}.Release|Any CPU.ActiveCfg = Release|Any CPU
		{9D3DDF92-1B04-49E1-B087-AE31780BA23B}.Release|Any CPU.Build.0 = Release|Any CPU
		{53E1D0F4-A0E3-4FC6-820A-B8F0E923A0D5}.Debug|Any CPU.ActiveCfg = Debug|Any CPU
		{53E1D0F4-A0E3-4FC6-820A-B8F0E923A0D5}.Debug|Any CPU.Build.0 = Debug|Any CPU
		{53E1D0F4-A0E3-4FC6-820A-B8F0E923A0D5}.Release|Any CPU.ActiveCfg = Release|Any CPU
		{53E1D0F4-A0E3-4FC6-820A-B8F0E923A0D5}.Release|Any CPU.Build.0 = Release|Any CPU
		{2202C626-BB33-44AF-83D2-E16749AA859D}.Debug|Any CPU.ActiveCfg = Debug|Any CPU
		{2202C626-BB33-44AF-83D2-E16749AA859D}.Debug|Any CPU.Build.0 = Debug|Any CPU
		{2202C626-BB33-44AF-83D2-E16749AA859D}.Release|Any CPU.ActiveCfg = Release|Any CPU
		{2202C626-BB33-44AF-83D2-E16749AA859D}.Release|Any CPU.Build.0 = Release|Any CPU
	EndGlobalSection
	GlobalSection(SolutionProperties) = preSolution
		HideSolutionNode = FALSE
	EndGlobalSection
EndGlobal
